<?xml version="1.0" encoding="utf-8"?>
<Project ToolsVersion="4.0" xmlns="http://schemas.microsoft.com/developer/msbuild/2003">
  <ItemGroup>
    <ClInclude Include="LevelMeter.h" />
    <ClInclude Include="pch.h">
      <Filter>Framework</Filter>
    </ClInclude>
    <ClInclude Include="OutProcess.h" />
    <ClInclude Include="Common.h" />
    <ClInclude Include="Sender.h" />
    <ClInclude Include="SenderThread.h" />
  </ItemGroup>
  <ItemGroup>
    <ClCompile Include="LevelMeter.cpp" />
    <ClCompile Include="LevelMeter_Filter.cpp" />
    <ClCompile Include="pch.cpp">
      <Filter>Framework</Filter>
    </ClCompile>
    <ClCompile Include="OutProcess.cpp" />
    <ClCompile Include="Sender.cpp" />
    <ClCompile Include="SenderThread.cpp" />
  </ItemGroup>
  <ItemGroup>
    <Filter Include="Framework">
      <UniqueIdentifier>{6c1c067d-7a57-49d3-9a35-863cbcdd975e}</UniqueIdentifier>
    </Filter>
  </ItemGroup>
  <ItemGroup>
    <None Include="LevelMeter.def">
      <Filter>Framework</Filter>
    </None>
  </ItemGroup>
</Project>