<?xml version="1.0" encoding="utf-8"?>
<Project ToolsVersion="4.0" xmlns="http://schemas.microsoft.com/developer/msbuild/2003">
  <ItemGroup>
    <ClInclude Include="pch.h">
      <Filter>Framework</Filter>
    </ClInclude>
    <ClInclude Include="OutProcess.h" />
    <ClInclude Include="Share.h" />
    <ClInclude Include="Hive.h" />
    <ClInclude Include="App.h" />
    <ClInclude Include="Bomb.h" />
    <ClInclude Include="Bomber.h" />
    <ClInclude Include="..\..\Common\Window.h">
      <Filter>Common</Filter>
    </ClInclude>
    <ClInclude Include="..\..\Common\Dialog.h">
      <Filter>Common</Filter>
    </ClInclude>
    <ClInclude Include="..\..\Common\Gdi.h">
      <Filter>Common</Filter>
    </ClInclude>
    <ClInclude Include="..\..\Common\Hook.h">
      <Filter>Common</Filter>
    </ClInclude>
    <ClInclude Include="..\..\Common\Profile.h">
      <Filter>Common</Filter>
    </ClInclude>
    <ClInclude Include="..\..\Common\Tracer.h">
      <Filter>Common</Filter>
    </ClInclude>
    <ClInclude Include="..\..\Common\WinUtility.h">
      <Filter>Common</Filter>
    </ClInclude>
    <ClInclude Include="..\..\Common\AviUtlInternal.h">
      <Filter>Common</Filter>
    </ClInclude>
    <ClInclude Include="..\..\Common\AviUtl\Window.h">
      <Filter>Common\AviUtl</Filter>
    </ClInclude>
    <ClInclude Include="..\..\Common\AviUtl\WindowHolder.h">
      <Filter>Common\AviUtl</Filter>
    </ClInclude>
    <ClInclude Include="..\..\Common\Window2.h">
      <Filter>Common</Filter>
    </ClInclude>
    <ClInclude Include="PluginWindow.h" />
    <ClInclude Include="View.h" />
    <ClInclude Include="SubPluginWindow.h" />
  </ItemGroup>
  <ItemGroup>
    <ClCompile Include="pch.cpp">
      <Filter>Framework</Filter>
    </ClCompile>
    <ClCompile Include="Filter.cpp" />
  </ItemGroup>
  <ItemGroup>
    <Filter Include="Framework">
      <UniqueIdentifier>{6c1c067d-7a57-49d3-9a35-863cbcdd975e}</UniqueIdentifier>
    </Filter>
    <Filter Include="Common">
      <UniqueIdentifier>{bd572872-af0c-4991-81a1-9b411c6bbf43}</UniqueIdentifier>
    </Filter>
    <Filter Include="Common\AviUtl">
      <UniqueIdentifier>{f877c1fe-7454-4713-88fb-13e836188fa0}</UniqueIdentifier>
    </Filter>
  </ItemGroup>
  <ItemGroup>
    <None Include="LevelMeter.def">
      <Filter>Framework</Filter>
    </None>
  </ItemGroup>
</Project>